
Microsoft Visual Studio Solution File, Format Version 12.00
# Visual Studio Version 17
VisualStudioVersion = 17.3.32825.248
MinimumVisualStudioVersion = 10.0.40219.1
Project("{FAE04EC0-301F-11D3-BF4B-00C04F79EFBC}") = "ErdalMarket", "ErdalMarket\ErdalMarket.csproj", "{2DBF0FEC-97AF-46C3-BEB7-FF5B29C125F4}"
EndProject
Global
	GlobalSection(SolutionConfigurationPlatforms) = preSolution
		Debug|Any CPU = Debug|Any CPU
		Release|Any CPU = Release|Any CPU
	EndGlobalSection
	GlobalSection(ProjectConfigurationPlatforms) = postSolution
		{2DBF0FEC-97AF-46C3-BEB7-FF5B29C125F4}.Debug|Any CPU.ActiveCfg = Debug|Any CPU
		{2DBF0FEC-97AF-46C3-BEB7-FF5B29C125F4}.Debug|Any CPU.Build.0 = Debug|Any CPU
		{2DBF0FEC-97AF-46C3-BEB7-FF5B29C125F4}.Release|Any CPU.ActiveCfg = Release|Any CPU
		{2DBF0FEC-97AF-46C3-BEB7-FF5B29C125F4}.Release|Any CPU.Build.0 = Release|Any CPU
	EndGlobalSection
	GlobalSection(SolutionProperties) = preSolution
		HideSolutionNode = FALSE
	EndGlobalSection
	GlobalSection(ExtensibilityGlobals) = postSolution
		SolutionGuid = {D93BF3B0-5890-46C4-B21A-3A219E7D3376}
	EndGlobalSection
EndGlobal
